
Microsoft Visual Studio Solution File, Format Version 12.00
# Visual Studio Version 17
VisualStudioVersion = 17.0.31903.59
MinimumVisualStudioVersion = 10.0.40219.1
Project("{FAE04EC0-301F-11D3-BF4B-00C04F79EFBC}") = "Consumer", "Consumer\Consumer.csproj", "{D1836256-A03E-4B3B-96ED-47F09B9B39B5}"
EndProject
Project("{FAE04EC0-301F-11D3-BF4B-00C04F79EFBC}") = "Generator", "Generator\Generator.csproj", "{A3087302-C7B4-475B-BE25-85F9414F6A69}"
EndProject
Global
	GlobalSection(SolutionConfigurationPlatforms) = preSolution
		Debug|Any CPU = Debug|Any CPU
		Release|Any CPU = Release|Any CPU
	EndGlobalSection
	GlobalSection(SolutionProperties) = preSolution
		HideSolutionNode = FALSE
	EndGlobalSection
	GlobalSection(ProjectConfigurationPlatforms) = postSolution
		{D1836256-A03E-4B3B-96ED-47F09B9B39B5}.Debug|Any CPU.ActiveCfg = Debug|Any CPU
		{D1836256-A03E-4B3B-96ED-47F09B9B39B5}.Debug|Any CPU.Build.0 = Debug|Any CPU
		{D1836256-A03E-4B3B-96ED-47F09B9B39B5}.Release|Any CPU.ActiveCfg = Release|Any CPU
		{D1836256-A03E-4B3B-96ED-47F09B9B39B5}.Release|Any CPU.Build.0 = Release|Any CPU
		{A3087302-C7B4-475B-BE25-85F9414F6A69}.Debug|Any CPU.ActiveCfg = Debug|Any CPU
		{A3087302-C7B4-475B-BE25-85F9414F6A69}.Debug|Any CPU.Build.0 = Debug|Any CPU
		{A3087302-C7B4-475B-BE25-85F9414F6A69}.Release|Any CPU.ActiveCfg = Release|Any CPU
		{A3087302-C7B4-475B-BE25-85F9414F6A69}.Release|Any CPU.Build.0 = Release|Any CPU
	EndGlobalSection
EndGlobal
